// !$*UTF8*$!
{
	archiveVersion = 1;
	classes = {
	};
	objectVersion = 50;
	objects = {

/* Begin PBXBuildFile section */
		A06B2D6B256E8F2500D17C19 /* AppDelegate.swift in Sources */ = {isa = PBXBuildFile; fileRef = A06B2D6A256E8F2500D17C19 /* AppDelegate.swift */; };
		A06B2D6D256E8F2500D17C19 /* SceneDelegate.swift in Sources */ = {isa = PBXBuildFile; fileRef = A06B2D6C256E8F2500D17C19 /* SceneDelegate.swift */; };
		A06B2D6F256E8F2500D17C19 /* ViewController.swift in Sources */ = {isa = PBXBuildFile; fileRef = A06B2D6E256E8F2500D17C19 /* ViewController.swift */; };
		A06B2D72256E8F2500D17C19 /* Main.storyboard in Resources */ = {isa = PBXBuildFile; fileRef = A06B2D70256E8F2500D17C19 /* Main.storyboard */; };
		A06B2D74256E8F2600D17C19 /* Assets.xcassets in Resources */ = {isa = PBXBuildFile; fileRef = A06B2D73256E8F2600D17C19 /* Assets.xcassets */; };
		A06B2D77256E8F2600D17C19 /* LaunchScreen.storyboard in Resources */ = {isa = PBXBuildFile; fileRef = A06B2D75256E8F2600D17C19 /* LaunchScreen.storyboard */; };
/* End PBXBuildFile section */

/* Begin PBXFileReference section */
		A06B2D67256E8F2500D17C19 /* In App Messaging.app */ = {isa = PBXFileReference; explicitFileType = wrapper.application; includeInIndex = 0; path = "In App Messaging.app"; sourceTree = BUILT_PRODUCTS_DIR; };
		A06B2D6A256E8F2500D17C19 /* AppDelegate.swift */ = {isa = PBXFileReference; lastKnownFileType = sourcecode.swift; path = AppDelegate.swift; sourceTree = "<group>"; };
		A06B2D6C256E8F2500D17C19 /* SceneDelegate.swift */ = {isa = PBXFileReference; lastKnownFileType = sourcecode.swift; path = SceneDelegate.swift; sourceTree = "<group>"; };
		A06B2D6E256E8F2500D17C19 /* ViewController.swift */ = {isa = PBXFileReference; lastKnownFileType = sourcecode.swift; path = ViewController.swift; sourceTree = "<group>"; };
		A06B2D71256E8F2500D17C19 /* Base */ = {isa = PBXFileReference; lastKnownFileType = file.storyboard; name = Base; path = Base.lproj/Main.storyboard; sourceTree = "<group>"; };
		A06B2D73256E8F2600D17C19 /* Assets.xcassets */ = {isa = PBXFileReference; lastKnownFileType = folder.assetcatalog; path = Assets.xcassets; sourceTree = "<group>"; };
		A06B2D76256E8F2600D17C19 /* Base */ = {isa = PBXFileReference; lastKnownFileType = file.storyboard; name = Base; path = Base.lproj/LaunchScreen.storyboard; sourceTree = "<group>"; };
		A06B2D78256E8F2600D17C19 /* Info.plist */ = {isa = PBXFileReference; lastKnownFileType = text.plist.xml; path = Info.plist; sourceTree = "<group>"; };
/* End PBXFileReference section */

/* Begin PBXFrameworksBuildPhase section */
		A06B2D64256E8F2400D17C19 /* Frameworks */ = {
			isa = PBXFrameworksBuildPhase;
			buildActionMask = 2147483647;
			files = (
			);
			runOnlyForDeploymentPostprocessing = 0;
		};
/* End PBXFrameworksBuildPhase section */

/* Begin PBXGroup section */
		A06B2D5E256E8F2400D17C19 = {
			isa = PBXGroup;
			children = (
				A06B2D69256E8F2500D17C19 /* In App Messaging */,
				A06B2D68256E8F2500D17C19 /* Products */,
			);
			sourceTree = "<group>";
		};
		A06B2D68256E8F2500D17C19 /* Products */ = {
			isa = PBXGroup;
			children = (
				A06B2D67256E8F2500D17C19 /* In App Messaging.app */,
			);
			name = Products;
			sourceTree = "<group>";
		};
		A06B2D69256E8F2500D17C19 /* In App Messaging */ = {
			isa = PBXGroup;
			children = (
				A06B2D6A256E8F2500D17C19 /* AppDelegate.swift */,
				A06B2D6C256E8F2500D17C19 /* SceneDelegate.swift */,
				A06B2D6E256E8F2500D17C19 /* ViewController.swift */,
				A06B2D70256E8F2500D17C19 /* Main.storyboard */,
				A06B2D73256E8F2600D17C19 /* Assets.xcassets */,
				A06B2D75256E8F2600D17C19 /* LaunchScreen.storyboard */,
				A06B2D78256E8F2600D17C19 /* Info.plist */,
			);
			path = "In App Messaging";
			sourceTree = "<group>";
		};
/* End PBXGroup section */

/* Begin PBXNativeTarget section */
		A06B2D66256E8F2400D17C19 /* In App Messaging */ = {
			isa = PBXNativeTarget;
			buildConfigurationList = A06B2D7B256E8F2600D17C19 /* Build configuration list for PBXNativeTarget "In App Messaging" */;
			buildPhases = (
				A06B2D63256E8F2400D17C19 /* Sources */,
				A06B2D64256E8F2400D17C19 /* Frameworks */,
				A06B2D65256E8F2400D17C19 /* Resources */,
			);
			buildRules = (
			);
			dependencies = (
			);
			name = "In App Messaging";
			productName = "In App Messaging";
			productReference = A06B2D67256E8F2500D17C19 /* In App Messaging.app */;
			productType = "com.apple.product-type.application";
		};
/* End PBXNativeTarget section */

/* Begin PBXProject section */
		A06B2D5F256E8F2400D17C19 /* Project object */ = {
			isa = PBXProject;
			attributes = {
				LastSwiftUpdateCheck = 1220;
				LastUpgradeCheck = 1220;
				TargetAttributes = {
					A06B2D66256E8F2400D17C19 = {
						CreatedOnToolsVersion = 12.2;
					};
				};
			};
			buildConfigurationList = A06B2D62256E8F2400D17C19 /* Build configuration list for PBXProject "In App Messaging" */;
			compatibilityVersion = "Xcode 9.3";
			developmentRegion = en;
			hasScannedForEncodings = 0;
			knownRegions = (
				en,
				Base,
			);
			mainGroup = A06B2D5E256E8F2400D17C19;
			productRefGroup = A06B2D68256E8F2500D17C19 /* Products */;
			projectDirPath = "";
			projectRoot = "";
			targets = (
				A06B2D66256E8F2400D17C19 /* In App Messaging */,
			);
		};
/* End PBXProject section */

/* Begin PBXResourcesBuildPhase section */
		A06B2D65256E8F2400D17C19 /* Resources */ = {
			isa = PBXResourcesBuildPhase;
			buildActionMask = 2147483647;
			files = (
				A06B2D77256E8F2600D17C19 /* LaunchScreen.storyboard in Resources */,
				A06B2D74256E8F2600D17C19 /* Assets.xcassets in Resources */,
				A06B2D72256E8F2500D17C19 /* Main.storyboard in Resources */,
			);
			runOnlyForDeploymentPostprocessing = 0;
		};
/* End PBXResourcesBuildPhase section */

/* Begin PBXSourcesBuildPhase section */
		A06B2D63256E8F2400D17C19 /* Sources */ = {
			isa = PBXSourcesBuildPhase;
			buildActionMask = 2147483647;
			files = (
				A06B2D6F256E8F2500D17C19 /* ViewController.swift in Sources */,
				A06B2D6B256E8F2500D17C19 /* AppDelegate.swift in Sources */,
				A06B2D6D256E8F2500D17C19 /* SceneDelegate.swift in Sources */,
			);
			runOnlyForDeploymentPostprocessing = 0;
		};
/* End PBXSourcesBuildPhase section */

/* Begin PBXVariantGroup section */
		A06B2D70256E8F2500D17C19 /* Main.storyboard */ = {
			isa = PBXVariantGroup;
			children = (
				A06B2D71256E8F2500D17C19 /* Base */,
			);
			name = Main.storyboard;
			sourceTree = "<group>";
		};
		A06B2D75256E8F2600D17C19 /* LaunchScreen.storyboard */ = {
			isa = PBXVariantGroup;
			children = (
				A06B2D76256E8F2600D17C19 /* Base */,
			);
			name = LaunchScreen.storyboard;
			sourceTree = "<group>";
		};
/* End PBXVariantGroup section */

/* Begin XCBuildConfiguration section */
		A06B2D79256E8F2600D17C19 /* Debug */ = {
			isa = XCBuildConfiguration;
			buildSettings = {
				ALWAYS_SEARCH_USER_PATHS = NO;
				CLANG_ANALYZER_NONNULL = YES;
				CLANG_ANALYZER_NUMBER_OBJECT_CONVERSION = YES_AGGRESSIVE;
				CLANG_CXX_LANGUAGE_STANDARD = "gnu++14";
				CLANG_CXX_LIBRARY = "libc++";
				CLANG_ENABLE_MODULES = YES;
				CLANG_ENABLE_OBJC_ARC = YES;
				CLANG_ENABLE_OBJC_WEAK = YES;
				CLANG_WARN_BLOCK_CAPTURE_AUTORELEASING = YES;
				CLANG_WARN_BOOL_CONVERSION = YES;
				CLANG_WARN_COMMA = YES;
				CLANG_WARN_CONSTANT_CONVERSION = YES;
				CLANG_WARN_DEPRECATED_OBJC_IMPLEMENTATIONS = YES;
				CLANG_WARN_DIRECT_OBJC_ISA_USAGE = YES_ERROR;
				CLANG_WARN_DOCUMENTATION_COMMENTS = YES;
				CLANG_WARN_EMPTY_BODY = YES;
				CLANG_WARN_ENUM_CONVERSION = YES;
				CLANG_WARN_INFINITE_RECURSION = YES;
				CLANG_WARN_INT_CONVERSION = YES;
				CLANG_WARN_NON_LITERAL_NULL_CONVERSION = YES;
				CLANG_WARN_OBJC_IMPLICIT_RETAIN_SELF = YES;
				CLANG_WARN_OBJC_LITERAL_CONVERSION = YES;
				CLANG_WARN_OBJC_ROOT_CLASS = YES_ERROR;
				CLANG_WARN_QUOTED_INCLUDE_IN_FRAMEWORK_HEADER = YES;
				CLANG_WARN_RANGE_LOOP_ANALYSIS = YES;
				CLANG_WARN_STRICT_PROTOTYPES = YES;
				CLANG_WARN_SUSPICIOUS_MOVE = YES;
				CLANG_WARN_UNGUARDED_AVAILABILITY = YES_AGGRESSIVE;
				CLANG_WARN_UNREACHABLE_CODE = YES;
				CLANG_WARN__DUPLICATE_METHOD_MATCH = YES;
				COPY_PHASE_STRIP = NO;
				DEBUG_INFORMATION_FORMAT = dwarf;
				ENABLE_STRICT_OBJC_MSGSEND = YES;
				ENABLE_TESTABILITY = YES;
				GCC_C_LANGUAGE_STANDARD = gnu11;
				GCC_DYNAMIC_NO_PIC = NO;
				GCC_NO_COMMON_BLOCKS = YES;
				GCC_OPTIMIZATION_LEVEL = 0;
				GCC_PREPROCESSOR_DEFINITIONS = (
					"DEBUG=1",
					"$(inherited)",
				);
				GCC_WARN_64_TO_32_BIT_CONVERSION = YES;
				GCC_WARN_ABOUT_RETURN_TYPE = YES_ERROR;
				GCC_WARN_UNDECLARED_SELECTOR = YES;
				GCC_WARN_UNINITIALIZED_AUTOS = YES_AGGRESSIVE;
				GCC_WARN_UNUSED_FUNCTION = YES;
				GCC_WARN_UNUSED_VARIABLE = YES;
				IPHONEOS_DEPLOYMENT_TARGET = 14.2;
				MTL_ENABLE_DEBUG_INFO = INCLUDE_SOURCE;
				MTL_FAST_MATH = YES;
				ONLY_ACTIVE_ARCH = YES;
				SDKROOT = iphoneos;
				SWIFT_ACTIVE_COMPILATION_CONDITIONS = DEBUG;
				SWIFT_OPTIMIZATION_LEVEL = "-Onone";
			};
			name = Debug;
		};
		A06B2D7A256E8F2600D17C19 /* Release */ = {
			isa = XCBuildConfiguration;
			buildSettings = {
				ALWAYS_SEARCH_USER_PATHS = NO;
				CLANG_ANALYZER_NONNULL = YES;
				CLANG_ANALYZER_NUMBER_OBJECT_CONVERSION = YES_AGGRESSIVE;
				CLANG_CXX_LANGUAGE_STANDARD = "gnu++14";
				CLANG_CXX_LIBRARY = "libc++";
				CLANG_ENABLE_MODULES = YES;
				CLANG_ENABLE_OBJC_ARC = YES;
				CLANG_ENABLE_OBJC_WEAK = YES;
				CLANG_WARN_BLOCK_CAPTURE_AUTORELEASING = YES;
				CLANG_WARN_BOOL_CONVERSION = YES;
				CLANG_WARN_COMMA = YES;
				CLANG_WARN_CONSTANT_CONVERSION = YES;
				CLANG_WARN_DEPRECATED_OBJC_IMPLEMENTATIONS = YES;
				CLANG_WARN_DIRECT_OBJC_ISA_USAGE = YES_ERROR;
				CLANG_WARN_DOCUMENTATION_COMMENTS = YES;
				CLANG_WARN_EMPTY_BODY = YES;
				CLANG_WARN_ENUM_CONVERSION = YES;
				CLANG_WARN_INFINITE_RECURSION = YES;
				CLANG_WARN_INT_CONVERSION = YES;
				CLANG_WARN_NON_LITERAL_NULL_CONVERSION = YES;
				CLANG_WARN_OBJC_IMPLICIT_RETAIN_SELF = YES;
				CLANG_WARN_OBJC_LITERAL_CONVERSION = YES;
				CLANG_WARN_OBJC_ROOT_CLASS = YES_ERROR;
				CLANG_WARN_QUOTED_INCLUDE_IN_FRAMEWORK_HEADER = YES;
				CLANG_WARN_RANGE_LOOP_ANALYSIS = YES;
				CLANG_WARN_STRICT_PROTOTYPES = YES;
				CLANG_WARN_SUSPICIOUS_MOVE = YES;
				CLANG_WARN_UNGUARDED_AVAILABILITY = YES_AGGRESSIVE;
				CLANG_WARN_UNREACHABLE_CODE = YES;
				CLANG_WARN__DUPLICATE_METHOD_MATCH = YES;
				COPY_PHASE_STRIP = NO;
				DEBUG_INFORMATION_FORMAT = "dwarf-with-dsym";
				ENABLE_NS_ASSERTIONS = NO;
				ENABLE_STRICT_OBJC_MSGSEND = YES;
				GCC_C_LANGUAGE_STANDARD = gnu11;
				GCC_NO_COMMON_BLOCKS = YES;
				GCC_WARN_64_TO_32_BIT_CONVERSION = YES;
				GCC_WARN_ABOUT_RETURN_TYPE = YES_ERROR;
				GCC_WARN_UNDECLARED_SELECTOR = YES;
				GCC_WARN_UNINITIALIZED_AUTOS = YES_AGGRESSIVE;
				GCC_WARN_UNUSED_FUNCTION = YES;
				GCC_WARN_UNUSED_VARIABLE = YES;
				IPHONEOS_DEPLOYMENT_TARGET = 14.2;
				MTL_ENABLE_DEBUG_INFO = NO;
				MTL_FAST_MATH = YES;
				SDKROOT = iphoneos;
				SWIFT_COMPILATION_MODE = wholemodule;
				SWIFT_OPTIMIZATION_LEVEL = "-O";
				VALIDATE_PRODUCT = YES;
			};
			name = Release;
		};
		A06B2D7C256E8F2600D17C19 /* Debug */ = {
			isa = XCBuildConfiguration;
			buildSettings = {
				ASSETCATALOG_COMPILER_APPICON_NAME = AppIcon;
				ASSETCATALOG_COMPILER_GLOBAL_ACCENT_COLOR_NAME = AccentColor;
				CODE_SIGN_STYLE = Automatic;
				DEVELOPMENT_TEAM = 7B32GQ2M35;
				INFOPLIST_FILE = "In App Messaging/Info.plist";
				LD_RUNPATH_SEARCH_PATHS = (
					"$(inherited)",
					"@executable_path/Frameworks",
				);
				PRODUCT_BUNDLE_IDENTIFIER = "com.lightCode.In-App-Messaging";
				PRODUCT_NAME = "$(TARGET_NAME)";
				SWIFT_VERSION = 5.0;
				TARGETED_DEVICE_FAMILY = "1,2";
			};
			name = Debug;
		};
		A06B2D7D256E8F2600D17C19 /* Release */ = {
			isa = XCBuildConfiguration;
			buildSettings = {
				ASSETCATALOG_COMPILER_APPICON_NAME = AppIcon;
				ASSETCATALOG_COMPILER_GLOBAL_ACCENT_COLOR_NAME = AccentColor;
				CODE_SIGN_STYLE = Automatic;
				DEVELOPMENT_TEAM = 7B32GQ2M35;
				INFOPLIST_FILE = "In App Messaging/Info.plist";
				LD_RUNPATH_SEARCH_PATHS = (
					"$(inherited)",
					"@executable_path/Frameworks",
				);
				PRODUCT_BUNDLE_IDENTIFIER = "com.lightCode.In-App-Messaging";
				PRODUCT_NAME = "$(TARGET_NAME)";
				SWIFT_VERSION = 5.0;
				TARGETED_DEVICE_FAMILY = "1,2";
			};
			name = Release;
		};
/* End XCBuildConfiguration section */

/* Begin XCConfigurationList section */
		A06B2D62256E8F2400D17C19 /* Build configuration list for PBXProject "In App Messaging" */ = {
			isa = XCConfigurationList;
			buildConfigurations = (
				A06B2D79256E8F2600D17C19 /* Debug */,
				A06B2D7A256E8F2600D17C19 /* Release */,
			);
			defaultConfigurationIsVisible = 0;
			defaultConfigurationName = Release;
		};
		A06B2D7B256E8F2600D17C19 /* Build configuration list for PBXNativeTarget "In App Messaging" */ = {
			isa = XCConfigurationList;
			buildConfigurations = (
				A06B2D7C256E8F2600D17C19 /* Debug */,
				A06B2D7D256E8F2600D17C19 /* Release */,
			);
			defaultConfigurationIsVisible = 0;
			defaultConfigurationName = Release;
		};
/* End XCConfigurationList section */
	};
	rootObject = A06B2D5F256E8F2400D17C19 /* Project object */;
}
